
Microsoft Visual Studio Solution File, Format Version 12.00
# Visual Studio Version 17
VisualStudioVersion = 17.8.34316.72
MinimumVisualStudioVersion = 10.0.40219.1
Project("{9A19103F-16F7-4668-BE54-9A1E7A4F7556}") = "ItemStore.WebApi.csproj", "ItemStore.WebApi.csproj.csproj", "{92206555-0428-4BE8-8965-49F61A577037}"
EndProject
Project("{9A19103F-16F7-4668-BE54-9A1E7A4F7556}") = "ItemStore.UnitTests", "..\ItemStore.UnitTests\ItemStore.UnitTests.csproj", "{824B4094-60FB-4735-8F58-9D1B7F3BDBFA}"
EndProject
Global
	GlobalSection(SolutionConfigurationPlatforms) = preSolution
		Debug|Any CPU = Debug|Any CPU
		Release|Any CPU = Release|Any CPU
	EndGlobalSection
	GlobalSection(ProjectConfigurationPlatforms) = postSolution
		{92206555-0428-4BE8-8965-49F61A577037}.Debug|Any CPU.ActiveCfg = Debug|Any CPU
		{92206555-0428-4BE8-8965-49F61A577037}.Debug|Any CPU.Build.0 = Debug|Any CPU
		{92206555-0428-4BE8-8965-49F61A577037}.Release|Any CPU.ActiveCfg = Release|Any CPU
		{92206555-0428-4BE8-8965-49F61A577037}.Release|Any CPU.Build.0 = Release|Any CPU
		{824B4094-60FB-4735-8F58-9D1B7F3BDBFA}.Debug|Any CPU.ActiveCfg = Debug|Any CPU
		{824B4094-60FB-4735-8F58-9D1B7F3BDBFA}.Debug|Any CPU.Build.0 = Debug|Any CPU
		{824B4094-60FB-4735-8F58-9D1B7F3BDBFA}.Release|Any CPU.ActiveCfg = Release|Any CPU
		{824B4094-60FB-4735-8F58-9D1B7F3BDBFA}.Release|Any CPU.Build.0 = Release|Any CPU
	EndGlobalSection
	GlobalSection(SolutionProperties) = preSolution
		HideSolutionNode = FALSE
	EndGlobalSection
	GlobalSection(ExtensibilityGlobals) = postSolution
		SolutionGuid = {579A3874-A961-4B64-9016-37BE7FAE99A4}
	EndGlobalSection
EndGlobal
