
Microsoft Visual Studio Solution File, Format Version 12.00
# Visual Studio Version 17
VisualStudioVersion = 17.8.34316.72
MinimumVisualStudioVersion = 10.0.40219.1
Project("{9A19103F-16F7-4668-BE54-9A1E7A4F7556}") = "ItemStore.WebApi", "ItemStore.WebApi\ItemStore.WebApi.csproj", "{77695DB1-B6DB-47A9-A079-2DA92B4381D9}"
EndProject
Global
	GlobalSection(SolutionConfigurationPlatforms) = preSolution
		Debug|Any CPU = Debug|Any CPU
		Release|Any CPU = Release|Any CPU
	EndGlobalSection
	GlobalSection(ProjectConfigurationPlatforms) = postSolution
		{77695DB1-B6DB-47A9-A079-2DA92B4381D9}.Debug|Any CPU.ActiveCfg = Debug|Any CPU
		{77695DB1-B6DB-47A9-A079-2DA92B4381D9}.Debug|Any CPU.Build.0 = Debug|Any CPU
		{77695DB1-B6DB-47A9-A079-2DA92B4381D9}.Release|Any CPU.ActiveCfg = Release|Any CPU
		{77695DB1-B6DB-47A9-A079-2DA92B4381D9}.Release|Any CPU.Build.0 = Release|Any CPU
	EndGlobalSection
	GlobalSection(SolutionProperties) = preSolution
		HideSolutionNode = FALSE
	EndGlobalSection
	GlobalSection(ExtensibilityGlobals) = postSolution
		SolutionGuid = {7691B256-9016-4403-A186-A76874D85F65}
	EndGlobalSection
EndGlobal
